// !$*UTF8*$!
{
	archiveVersion = 1;
	classes = {
	};
	objectVersion = 46;
	objects = {

/* Begin PBXBuildFile section */
		015E33621B73B87A00B576B4 /* VideoMetadataViewController.swift in Sources */ = {isa = PBXBuildFile; fileRef = 015E33601B73B87A00B576B4 /* VideoMetadataViewController.swift */; };
		015E33631B73B87A00B576B4 /* VideoMetadataViewController.xib in Resources */ = {isa = PBXBuildFile; fileRef = 015E33611B73B87A00B576B4 /* VideoMetadataViewController.xib */; };
		50FD87E51B331F790064EC16 /* VideoCell.swift in Sources */ = {isa = PBXBuildFile; fileRef = 50FD87E31B331F790064EC16 /* VideoCell.swift */; };
		50FD87E61B331F790064EC16 /* VideoCell.xib in Resources */ = {isa = PBXBuildFile; fileRef = 50FD87E41B331F790064EC16 /* VideoCell.xib */; };
		50FD87E81B3324870064EC16 /* VimeoClient.swift in Sources */ = {isa = PBXBuildFile; fileRef = 50FD87E71B3324870064EC16 /* VimeoClient.swift */; };
		50FD87EA1B3325D80064EC16 /* Video.swift in Sources */ = {isa = PBXBuildFile; fileRef = 50FD87E91B3325D80064EC16 /* Video.swift */; };
		C7229E901B20A80C00C7CADC /* AppDelegate.swift in Sources */ = {isa = PBXBuildFile; fileRef = C7229E8F1B20A80C00C7CADC /* AppDelegate.swift */; };
		C7229E971B20A80C00C7CADC /* Images.xcassets in Resources */ = {isa = PBXBuildFile; fileRef = C7229E961B20A80C00C7CADC /* Images.xcassets */; };
		C7229E9A1B20A80C00C7CADC /* LaunchScreen.xib in Resources */ = {isa = PBXBuildFile; fileRef = C7229E981B20A80C00C7CADC /* LaunchScreen.xib */; };
		C7229EA61B20A80D00C7CADC /* StaffPicksTests.swift in Sources */ = {isa = PBXBuildFile; fileRef = C7229EA51B20A80C00C7CADC /* StaffPicksTests.swift */; };
		C7229EB11B20ACE000C7CADC /* VideoListViewController.swift in Sources */ = {isa = PBXBuildFile; fileRef = C7229EAF1B20ACE000C7CADC /* VideoListViewController.swift */; };
		C7229EB21B20ACE000C7CADC /* VideoListViewController.xib in Resources */ = {isa = PBXBuildFile; fileRef = C7229EB01B20ACE000C7CADC /* VideoListViewController.xib */; };
/* End PBXBuildFile section */

/* Begin PBXContainerItemProxy section */
		C7229EA01B20A80C00C7CADC /* PBXContainerItemProxy */ = {
			isa = PBXContainerItemProxy;
			containerPortal = C7229E821B20A80C00C7CADC /* Project object */;
			proxyType = 1;
			remoteGlobalIDString = C7229E891B20A80C00C7CADC;
			remoteInfo = StaffPicks;
		};
/* End PBXContainerItemProxy section */

/* Begin PBXFileReference section */
		015E33601B73B87A00B576B4 /* VideoMetadataViewController.swift */ = {isa = PBXFileReference; fileEncoding = 4; lastKnownFileType = sourcecode.swift; path = VideoMetadataViewController.swift; sourceTree = "<group>"; };
		015E33611B73B87A00B576B4 /* VideoMetadataViewController.xib */ = {isa = PBXFileReference; fileEncoding = 4; lastKnownFileType = file.xib; path = VideoMetadataViewController.xib; sourceTree = "<group>"; };
		50FD87E31B331F790064EC16 /* VideoCell.swift */ = {isa = PBXFileReference; fileEncoding = 4; lastKnownFileType = sourcecode.swift; path = VideoCell.swift; sourceTree = "<group>"; };
		50FD87E41B331F790064EC16 /* VideoCell.xib */ = {isa = PBXFileReference; fileEncoding = 4; lastKnownFileType = file.xib; path = VideoCell.xib; sourceTree = "<group>"; };
		50FD87E71B3324870064EC16 /* VimeoClient.swift */ = {isa = PBXFileReference; fileEncoding = 4; lastKnownFileType = sourcecode.swift; path = VimeoClient.swift; sourceTree = "<group>"; };
		50FD87E91B3325D80064EC16 /* Video.swift */ = {isa = PBXFileReference; fileEncoding = 4; lastKnownFileType = sourcecode.swift; path = Video.swift; sourceTree = "<group>"; };
		C7229E8A1B20A80C00C7CADC /* StaffPicks.app */ = {isa = PBXFileReference; explicitFileType = wrapper.application; includeInIndex = 0; path = StaffPicks.app; sourceTree = BUILT_PRODUCTS_DIR; };
		C7229E8E1B20A80C00C7CADC /* Info.plist */ = {isa = PBXFileReference; lastKnownFileType = text.plist.xml; path = Info.plist; sourceTree = "<group>"; };
		C7229E8F1B20A80C00C7CADC /* AppDelegate.swift */ = {isa = PBXFileReference; lastKnownFileType = sourcecode.swift; path = AppDelegate.swift; sourceTree = "<group>"; };
		C7229E961B20A80C00C7CADC /* Images.xcassets */ = {isa = PBXFileReference; lastKnownFileType = folder.assetcatalog; path = Images.xcassets; sourceTree = "<group>"; };
		C7229E991B20A80C00C7CADC /* Base */ = {isa = PBXFileReference; lastKnownFileType = file.xib; name = Base; path = Base.lproj/LaunchScreen.xib; sourceTree = "<group>"; };
		C7229E9F1B20A80C00C7CADC /* StaffPicksTests.xctest */ = {isa = PBXFileReference; explicitFileType = wrapper.cfbundle; includeInIndex = 0; path = StaffPicksTests.xctest; sourceTree = BUILT_PRODUCTS_DIR; };
		C7229EA41B20A80C00C7CADC /* Info.plist */ = {isa = PBXFileReference; lastKnownFileType = text.plist.xml; path = Info.plist; sourceTree = "<group>"; };
		C7229EA51B20A80C00C7CADC /* StaffPicksTests.swift */ = {isa = PBXFileReference; lastKnownFileType = sourcecode.swift; path = StaffPicksTests.swift; sourceTree = "<group>"; };
		C7229EAF1B20ACE000C7CADC /* VideoListViewController.swift */ = {isa = PBXFileReference; fileEncoding = 4; lastKnownFileType = sourcecode.swift; path = VideoListViewController.swift; sourceTree = "<group>"; };
		C7229EB01B20ACE000C7CADC /* VideoListViewController.xib */ = {isa = PBXFileReference; fileEncoding = 4; lastKnownFileType = file.xib; path = VideoListViewController.xib; sourceTree = "<group>"; };
/* End PBXFileReference section */

/* Begin PBXFrameworksBuildPhase section */
		C7229E871B20A80C00C7CADC /* Frameworks */ = {
			isa = PBXFrameworksBuildPhase;
			buildActionMask = 2147483647;
			files = (
			);
			runOnlyForDeploymentPostprocessing = 0;
		};
		C7229E9C1B20A80C00C7CADC /* Frameworks */ = {
			isa = PBXFrameworksBuildPhase;
			buildActionMask = 2147483647;
			files = (
			);
			runOnlyForDeploymentPostprocessing = 0;
		};
/* End PBXFrameworksBuildPhase section */

/* Begin PBXGroup section */
		C7229E811B20A80C00C7CADC = {
			isa = PBXGroup;
			children = (
				C7229E8C1B20A80C00C7CADC /* StaffPicks */,
				C7229EA21B20A80C00C7CADC /* StaffPicksTests */,
				C7229E8B1B20A80C00C7CADC /* Products */,
			);
			sourceTree = "<group>";
		};
		C7229E8B1B20A80C00C7CADC /* Products */ = {
			isa = PBXGroup;
			children = (
				C7229E8A1B20A80C00C7CADC /* StaffPicks.app */,
				C7229E9F1B20A80C00C7CADC /* StaffPicksTests.xctest */,
			);
			name = Products;
			sourceTree = "<group>";
		};
		C7229E8C1B20A80C00C7CADC /* StaffPicks */ = {
			isa = PBXGroup;
			children = (
				C7229E8F1B20A80C00C7CADC /* AppDelegate.swift */,
				C7229EAF1B20ACE000C7CADC /* VideoListViewController.swift */,
				C7229EB01B20ACE000C7CADC /* VideoListViewController.xib */,
				50FD87E31B331F790064EC16 /* VideoCell.swift */,
				50FD87E41B331F790064EC16 /* VideoCell.xib */,
				50FD87E71B3324870064EC16 /* VimeoClient.swift */,
				015E33601B73B87A00B576B4 /* VideoMetadataViewController.swift */,
				015E33611B73B87A00B576B4 /* VideoMetadataViewController.xib */,
				50FD87E91B3325D80064EC16 /* Video.swift */,
				C7229E961B20A80C00C7CADC /* Images.xcassets */,
				C7229E981B20A80C00C7CADC /* LaunchScreen.xib */,
				C7229E8D1B20A80C00C7CADC /* Supporting Files */,
			);
			path = StaffPicks;
			sourceTree = "<group>";
		};
		C7229E8D1B20A80C00C7CADC /* Supporting Files */ = {
			isa = PBXGroup;
			children = (
				C7229E8E1B20A80C00C7CADC /* Info.plist */,
			);
			name = "Supporting Files";
			sourceTree = "<group>";
		};
		C7229EA21B20A80C00C7CADC /* StaffPicksTests */ = {
			isa = PBXGroup;
			children = (
				C7229EA51B20A80C00C7CADC /* StaffPicksTests.swift */,
				C7229EA31B20A80C00C7CADC /* Supporting Files */,
			);
			path = StaffPicksTests;
			sourceTree = "<group>";
		};
		C7229EA31B20A80C00C7CADC /* Supporting Files */ = {
			isa = PBXGroup;
			children = (
				C7229EA41B20A80C00C7CADC /* Info.plist */,
			);
			name = "Supporting Files";
			sourceTree = "<group>";
		};
/* End PBXGroup section */

/* Begin PBXNativeTarget section */
		C7229E891B20A80C00C7CADC /* StaffPicks */ = {
			isa = PBXNativeTarget;
			buildConfigurationList = C7229EA91B20A80D00C7CADC /* Build configuration list for PBXNativeTarget "StaffPicks" */;
			buildPhases = (
				C7229E861B20A80C00C7CADC /* Sources */,
				C7229E871B20A80C00C7CADC /* Frameworks */,
				C7229E881B20A80C00C7CADC /* Resources */,
			);
			buildRules = (
			);
			dependencies = (
			);
			name = StaffPicks;
			productName = StaffPicks;
			productReference = C7229E8A1B20A80C00C7CADC /* StaffPicks.app */;
			productType = "com.apple.product-type.application";
		};
		C7229E9E1B20A80C00C7CADC /* StaffPicksTests */ = {
			isa = PBXNativeTarget;
			buildConfigurationList = C7229EAC1B20A80D00C7CADC /* Build configuration list for PBXNativeTarget "StaffPicksTests" */;
			buildPhases = (
				C7229E9B1B20A80C00C7CADC /* Sources */,
				C7229E9C1B20A80C00C7CADC /* Frameworks */,
				C7229E9D1B20A80C00C7CADC /* Resources */,
			);
			buildRules = (
			);
			dependencies = (
				C7229EA11B20A80C00C7CADC /* PBXTargetDependency */,
			);
			name = StaffPicksTests;
			productName = StaffPicksTests;
			productReference = C7229E9F1B20A80C00C7CADC /* StaffPicksTests.xctest */;
			productType = "com.apple.product-type.bundle.unit-test";
		};
/* End PBXNativeTarget section */

/* Begin PBXProject section */
		C7229E821B20A80C00C7CADC /* Project object */ = {
			isa = PBXProject;
			attributes = {
				LastUpgradeCheck = 0630;
				ORGANIZATIONNAME = "Zetterstrom, Kevin";
				TargetAttributes = {
					C7229E891B20A80C00C7CADC = {
						CreatedOnToolsVersion = 6.3.2;
					};
					C7229E9E1B20A80C00C7CADC = {
						CreatedOnToolsVersion = 6.3.2;
						TestTargetID = C7229E891B20A80C00C7CADC;
					};
				};
			};
			buildConfigurationList = C7229E851B20A80C00C7CADC /* Build configuration list for PBXProject "StaffPicks" */;
			compatibilityVersion = "Xcode 3.2";
			developmentRegion = English;
			hasScannedForEncodings = 0;
			knownRegions = (
				en,
				Base,
			);
			mainGroup = C7229E811B20A80C00C7CADC;
			productRefGroup = C7229E8B1B20A80C00C7CADC /* Products */;
			projectDirPath = "";
			projectRoot = "";
			targets = (
				C7229E891B20A80C00C7CADC /* StaffPicks */,
				C7229E9E1B20A80C00C7CADC /* StaffPicksTests */,
			);
		};
/* End PBXProject section */

/* Begin PBXResourcesBuildPhase section */
		C7229E881B20A80C00C7CADC /* Resources */ = {
			isa = PBXResourcesBuildPhase;
			buildActionMask = 2147483647;
			files = (
				C7229E9A1B20A80C00C7CADC /* LaunchScreen.xib in Resources */,
				50FD87E61B331F790064EC16 /* VideoCell.xib in Resources */,
				C7229E971B20A80C00C7CADC /* Images.xcassets in Resources */,
				015E33631B73B87A00B576B4 /* VideoMetadataViewController.xib in Resources */,
				C7229EB21B20ACE000C7CADC /* VideoListViewController.xib in Resources */,
			);
			runOnlyForDeploymentPostprocessing = 0;
		};
		C7229E9D1B20A80C00C7CADC /* Resources */ = {
			isa = PBXResourcesBuildPhase;
			buildActionMask = 2147483647;
			files = (
			);
			runOnlyForDeploymentPostprocessing = 0;
		};
/* End PBXResourcesBuildPhase section */

/* Begin PBXSourcesBuildPhase section */
		C7229E861B20A80C00C7CADC /* Sources */ = {
			isa = PBXSourcesBuildPhase;
			buildActionMask = 2147483647;
			files = (
				C7229EB11B20ACE000C7CADC /* VideoListViewController.swift in Sources */,
				C7229E901B20A80C00C7CADC /* AppDelegate.swift in Sources */,
				50FD87E51B331F790064EC16 /* VideoCell.swift in Sources */,
				50FD87E81B3324870064EC16 /* VimeoClient.swift in Sources */,
				50FD87EA1B3325D80064EC16 /* Video.swift in Sources */,
				015E33621B73B87A00B576B4 /* VideoMetadataViewController.swift in Sources */,
			);
			runOnlyForDeploymentPostprocessing = 0;
		};
		C7229E9B1B20A80C00C7CADC /* Sources */ = {
			isa = PBXSourcesBuildPhase;
			buildActionMask = 2147483647;
			files = (
				C7229EA61B20A80D00C7CADC /* StaffPicksTests.swift in Sources */,
			);
			runOnlyForDeploymentPostprocessing = 0;
		};
/* End PBXSourcesBuildPhase section */

/* Begin PBXTargetDependency section */
		C7229EA11B20A80C00C7CADC /* PBXTargetDependency */ = {
			isa = PBXTargetDependency;
			target = C7229E891B20A80C00C7CADC /* StaffPicks */;
			targetProxy = C7229EA01B20A80C00C7CADC /* PBXContainerItemProxy */;
		};
/* End PBXTargetDependency section */

/* Begin PBXVariantGroup section */
		C7229E981B20A80C00C7CADC /* LaunchScreen.xib */ = {
			isa = PBXVariantGroup;
			children = (
				C7229E991B20A80C00C7CADC /* Base */,
			);
			name = LaunchScreen.xib;
			sourceTree = "<group>";
		};
/* End PBXVariantGroup section */

/* Begin XCBuildConfiguration section */
		C7229EA71B20A80D00C7CADC /* Debug */ = {
			isa = XCBuildConfiguration;
			buildSettings = {
				ALWAYS_SEARCH_USER_PATHS = NO;
				CLANG_CXX_LANGUAGE_STANDARD = "gnu++0x";
				CLANG_CXX_LIBRARY = "libc++";
				CLANG_ENABLE_MODULES = YES;
				CLANG_ENABLE_OBJC_ARC = YES;
				CLANG_WARN_BOOL_CONVERSION = YES;
				CLANG_WARN_CONSTANT_CONVERSION = YES;
				CLANG_WARN_DIRECT_OBJC_ISA_USAGE = YES_ERROR;
				CLANG_WARN_EMPTY_BODY = YES;
				CLANG_WARN_ENUM_CONVERSION = YES;
				CLANG_WARN_INT_CONVERSION = YES;
				CLANG_WARN_OBJC_ROOT_CLASS = YES_ERROR;
				CLANG_WARN_UNREACHABLE_CODE = YES;
				CLANG_WARN__DUPLICATE_METHOD_MATCH = YES;
				"CODE_SIGN_IDENTITY[sdk=iphoneos*]" = "iPhone Developer";
				COPY_PHASE_STRIP = NO;
				DEBUG_INFORMATION_FORMAT = "dwarf-with-dsym";
				ENABLE_STRICT_OBJC_MSGSEND = YES;
				GCC_C_LANGUAGE_STANDARD = gnu99;
				GCC_DYNAMIC_NO_PIC = NO;
				GCC_NO_COMMON_BLOCKS = YES;
				GCC_OPTIMIZATION_LEVEL = 0;
				GCC_PREPROCESSOR_DEFINITIONS = (
					"DEBUG=1",
					"$(inherited)",
				);
				GCC_SYMBOLS_PRIVATE_EXTERN = NO;
				GCC_WARN_64_TO_32_BIT_CONVERSION = YES;
				GCC_WARN_ABOUT_RETURN_TYPE = YES_ERROR;
				GCC_WARN_UNDECLARED_SELECTOR = YES;
				GCC_WARN_UNINITIALIZED_AUTOS = YES_AGGRESSIVE;
				GCC_WARN_UNUSED_FUNCTION = YES;
				GCC_WARN_UNUSED_VARIABLE = YES;
				IPHONEOS_DEPLOYMENT_TARGET = 8.3;
				MTL_ENABLE_DEBUG_INFO = YES;
				ONLY_ACTIVE_ARCH = YES;
				SDKROOT = iphoneos;
				SWIFT_OPTIMIZATION_LEVEL = "-Onone";
			};
			name = Debug;
		};
		C7229EA81B20A80D00C7CADC /* Release */ = {
			isa = XCBuildConfiguration;
			buildSettings = {
				ALWAYS_SEARCH_USER_PATHS = NO;
				CLANG_CXX_LANGUAGE_STANDARD = "gnu++0x";
				CLANG_CXX_LIBRARY = "libc++";
				CLANG_ENABLE_MODULES = YES;
				CLANG_ENABLE_OBJC_ARC = YES;
				CLANG_WARN_BOOL_CONVERSION = YES;
				CLANG_WARN_CONSTANT_CONVERSION = YES;
				CLANG_WARN_DIRECT_OBJC_ISA_USAGE = YES_ERROR;
				CLANG_WARN_EMPTY_BODY = YES;
				CLANG_WARN_ENUM_CONVERSION = YES;
				CLANG_WARN_INT_CONVERSION = YES;
				CLANG_WARN_OBJC_ROOT_CLASS = YES_ERROR;
				CLANG_WARN_UNREACHABLE_CODE = YES;
				CLANG_WARN__DUPLICATE_METHOD_MATCH = YES;
				"CODE_SIGN_IDENTITY[sdk=iphoneos*]" = "iPhone Developer";
				COPY_PHASE_STRIP = NO;
				DEBUG_INFORMATION_FORMAT = "dwarf-with-dsym";
				ENABLE_NS_ASSERTIONS = NO;
				ENABLE_STRICT_OBJC_MSGSEND = YES;
				GCC_C_LANGUAGE_STANDARD = gnu99;
				GCC_NO_COMMON_BLOCKS = YES;
				GCC_WARN_64_TO_32_BIT_CONVERSION = YES;
				GCC_WARN_ABOUT_RETURN_TYPE = YES_ERROR;
				GCC_WARN_UNDECLARED_SELECTOR = YES;
				GCC_WARN_UNINITIALIZED_AUTOS = YES_AGGRESSIVE;
				GCC_WARN_UNUSED_FUNCTION = YES;
				GCC_WARN_UNUSED_VARIABLE = YES;
				IPHONEOS_DEPLOYMENT_TARGET = 8.3;
				MTL_ENABLE_DEBUG_INFO = NO;
				SDKROOT = iphoneos;
				VALIDATE_PRODUCT = YES;
			};
			name = Release;
		};
		C7229EAA1B20A80D00C7CADC /* Debug */ = {
			isa = XCBuildConfiguration;
			buildSettings = {
				ASSETCATALOG_COMPILER_APPICON_NAME = AppIcon;
				INFOPLIST_FILE = StaffPicks/Info.plist;
				LD_RUNPATH_SEARCH_PATHS = "$(inherited) @executable_path/Frameworks";
				PRODUCT_NAME = "$(TARGET_NAME)";
			};
			name = Debug;
		};
		C7229EAB1B20A80D00C7CADC /* Release */ = {
			isa = XCBuildConfiguration;
			buildSettings = {
				ASSETCATALOG_COMPILER_APPICON_NAME = AppIcon;
				INFOPLIST_FILE = StaffPicks/Info.plist;
				LD_RUNPATH_SEARCH_PATHS = "$(inherited) @executable_path/Frameworks";
				PRODUCT_NAME = "$(TARGET_NAME)";
			};
			name = Release;
		};
		C7229EAD1B20A80D00C7CADC /* Debug */ = {
			isa = XCBuildConfiguration;
			buildSettings = {
				BUNDLE_LOADER = "$(TEST_HOST)";
				FRAMEWORK_SEARCH_PATHS = (
					"$(SDKROOT)/Developer/Library/Frameworks",
					"$(inherited)",
				);
				GCC_PREPROCESSOR_DEFINITIONS = (
					"DEBUG=1",
					"$(inherited)",
				);
				INFOPLIST_FILE = StaffPicksTests/Info.plist;
				LD_RUNPATH_SEARCH_PATHS = "$(inherited) @executable_path/Frameworks @loader_path/Frameworks";
				PRODUCT_NAME = "$(TARGET_NAME)";
				TEST_HOST = "$(BUILT_PRODUCTS_DIR)/StaffPicks.app/StaffPicks";
			};
			name = Debug;
		};
		C7229EAE1B20A80D00C7CADC /* Release */ = {
			isa = XCBuildConfiguration;
			buildSettings = {
				BUNDLE_LOADER = "$(TEST_HOST)";
				FRAMEWORK_SEARCH_PATHS = (
					"$(SDKROOT)/Developer/Library/Frameworks",
					"$(inherited)",
				);
				INFOPLIST_FILE = StaffPicksTests/Info.plist;
				LD_RUNPATH_SEARCH_PATHS = "$(inherited) @executable_path/Frameworks @loader_path/Frameworks";
				PRODUCT_NAME = "$(TARGET_NAME)";
				TEST_HOST = "$(BUILT_PRODUCTS_DIR)/StaffPicks.app/StaffPicks";
			};
			name = Release;
		};
/* End XCBuildConfiguration section */

/* Begin XCConfigurationList section */
		C7229E851B20A80C00C7CADC /* Build configuration list for PBXProject "StaffPicks" */ = {
			isa = XCConfigurationList;
			buildConfigurations = (
				C7229EA71B20A80D00C7CADC /* Debug */,
				C7229EA81B20A80D00C7CADC /* Release */,
			);
			defaultConfigurationIsVisible = 0;
			defaultConfigurationName = Release;
		};
		C7229EA91B20A80D00C7CADC /* Build configuration list for PBXNativeTarget "StaffPicks" */ = {
			isa = XCConfigurationList;
			buildConfigurations = (
				C7229EAA1B20A80D00C7CADC /* Debug */,
				C7229EAB1B20A80D00C7CADC /* Release */,
			);
			defaultConfigurationIsVisible = 0;
			defaultConfigurationName = Release;
		};
		C7229EAC1B20A80D00C7CADC /* Build configuration list for PBXNativeTarget "StaffPicksTests" */ = {
			isa = XCConfigurationList;
			buildConfigurations = (
				C7229EAD1B20A80D00C7CADC /* Debug */,
				C7229EAE1B20A80D00C7CADC /* Release */,
			);
			defaultConfigurationIsVisible = 0;
			defaultConfigurationName = Release;
		};
/* End XCConfigurationList section */
	};
	rootObject = C7229E821B20A80C00C7CADC /* Project object */;
}
